
Microsoft Visual Studio Solution File, Format Version 12.00
# Visual Studio Version 16
VisualStudioVersion = 16.0.31321.278
MinimumVisualStudioVersion = 10.0.40219.1
Project("{9A19103F-16F7-4668-BE54-9A1E7A4F7556}") = "Consul.HostService", "src\Consul.HostService\Consul.HostService.csproj", "{418799FA-42A4-446E-AE87-17A5B44C8F4F}"
EndProject
Project("{2150E333-8FDC-42A3-9474-1A3956D46DE8}") = "src", "src", "{A044AB30-A8C5-4F1C-B64A-D6C7FF5AF114}"
EndProject
Project("{2150E333-8FDC-42A3-9474-1A3956D46DE8}") = "sample", "sample", "{56F864A5-EABE-4914-9FFB-AB8F8C3C26D0}"
EndProject
Project("{9A19103F-16F7-4668-BE54-9A1E7A4F7556}") = "API", "sample\API\API.csproj", "{5B1B1706-D0D1-43CD-9E37-23742C335656}"
EndProject
Global
	GlobalSection(SolutionConfigurationPlatforms) = preSolution
		Debug|Any CPU = Debug|Any CPU
		Release|Any CPU = Release|Any CPU
	EndGlobalSection
	GlobalSection(ProjectConfigurationPlatforms) = postSolution
		{418799FA-42A4-446E-AE87-17A5B44C8F4F}.Debug|Any CPU.ActiveCfg = Debug|Any CPU
		{418799FA-42A4-446E-AE87-17A5B44C8F4F}.Debug|Any CPU.Build.0 = Debug|Any CPU
		{418799FA-42A4-446E-AE87-17A5B44C8F4F}.Release|Any CPU.ActiveCfg = Release|Any CPU
		{418799FA-42A4-446E-AE87-17A5B44C8F4F}.Release|Any CPU.Build.0 = Release|Any CPU
		{5B1B1706-D0D1-43CD-9E37-23742C335656}.Debug|Any CPU.ActiveCfg = Debug|Any CPU
		{5B1B1706-D0D1-43CD-9E37-23742C335656}.Debug|Any CPU.Build.0 = Debug|Any CPU
		{5B1B1706-D0D1-43CD-9E37-23742C335656}.Release|Any CPU.ActiveCfg = Release|Any CPU
		{5B1B1706-D0D1-43CD-9E37-23742C335656}.Release|Any CPU.Build.0 = Release|Any CPU
	EndGlobalSection
	GlobalSection(SolutionProperties) = preSolution
		HideSolutionNode = FALSE
	EndGlobalSection
	GlobalSection(NestedProjects) = preSolution
		{418799FA-42A4-446E-AE87-17A5B44C8F4F} = {A044AB30-A8C5-4F1C-B64A-D6C7FF5AF114}
		{5B1B1706-D0D1-43CD-9E37-23742C335656} = {56F864A5-EABE-4914-9FFB-AB8F8C3C26D0}
	EndGlobalSection
	GlobalSection(ExtensibilityGlobals) = postSolution
		SolutionGuid = {228DACCB-75DC-414D-80CC-700051565B4B}
	EndGlobalSection
EndGlobal
